
Microsoft Visual Studio Solution File, Format Version 12.00
# Visual Studio Version 17
VisualStudioVersion = 17.0.32014.148
MinimumVisualStudioVersion = 10.0.40219.1
Project("{888888A0-9F3D-457C-B088-3A5042F75D52}") = "MinorProject", "MinorProject.pyproj", "{E92E6880-2C18-4B54-A4C4-24004B1D247C}"
EndProject
Global
	GlobalSection(SolutionConfigurationPlatforms) = preSolution
		Debug|Any CPU = Debug|Any CPU
		Release|Any CPU = Release|Any CPU
	EndGlobalSection
	GlobalSection(ProjectConfigurationPlatforms) = postSolution
		{E92E6880-2C18-4B54-A4C4-24004B1D247C}.Debug|Any CPU.ActiveCfg = Debug|Any CPU
		{E92E6880-2C18-4B54-A4C4-24004B1D247C}.Release|Any CPU.ActiveCfg = Release|Any CPU
	EndGlobalSection
	GlobalSection(SolutionProperties) = preSolution
		HideSolutionNode = FALSE
	EndGlobalSection
	GlobalSection(ExtensibilityGlobals) = postSolution
		SolutionGuid = {918AA7F6-456C-40DD-B381-867C34E44C43}
	EndGlobalSection
EndGlobal
